
Microsoft Visual Studio Solution File, Format Version 12.00
# Visual Studio Version 17
VisualStudioVersion = 17.13.35919.96 d17.13
MinimumVisualStudioVersion = 10.0.40219.1
Project("{FAE04EC0-301F-11D3-BF4B-00C04F79EFBC}") = "OISPublic", "OISPublic.csproj", "{FDAAAC85-12D2-415D-BE79-01EC700F7DFE}"
EndProject
Global
	GlobalSection(SolutionConfigurationPlatforms) = preSolution
		Debug|Any CPU = Debug|Any CPU
		Release|Any CPU = Release|Any CPU
	EndGlobalSection
	GlobalSection(ProjectConfigurationPlatforms) = postSolution
		{FDAAAC85-12D2-415D-BE79-01EC700F7DFE}.Debug|Any CPU.ActiveCfg = Debug|Any CPU
		{FDAAAC85-12D2-415D-BE79-01EC700F7DFE}.Debug|Any CPU.Build.0 = Debug|Any CPU
		{FDAAAC85-12D2-415D-BE79-01EC700F7DFE}.Release|Any CPU.ActiveCfg = Release|Any CPU
		{FDAAAC85-12D2-415D-BE79-01EC700F7DFE}.Release|Any CPU.Build.0 = Release|Any CPU
	EndGlobalSection
	GlobalSection(SolutionProperties) = preSolution
		HideSolutionNode = FALSE
	EndGlobalSection
	GlobalSection(ExtensibilityGlobals) = postSolution
		SolutionGuid = {E239F64A-0B79-4DD3-820D-38C143350245}
	EndGlobalSection
EndGlobal
